
Microsoft Visual Studio Solution File, Format Version 10.00
# Visual Studio 2008
Project("{8BC9CEB8-8B4A-11D0-8D11-00A0C91BC942}") = "口袋妖怪", "口袋妖怪\口袋妖怪.vcproj", "{B56AC30B-D0F3-4AF4-9C0A-CA82CF04EDF6}"
EndProject
Global
	GlobalSection(SolutionConfigurationPlatforms) = preSolution
		Debug|Win32 = Debug|Win32
		Release|Win32 = Release|Win32
	EndGlobalSection
	GlobalSection(ProjectConfigurationPlatforms) = postSolution
		{B56AC30B-D0F3-4AF4-9C0A-CA82CF04EDF6}.Debug|Win32.ActiveCfg = Debug|Win32
		{B56AC30B-D0F3-4AF4-9C0A-CA82CF04EDF6}.Debug|Win32.Build.0 = Debug|Win32
		{B56AC30B-D0F3-4AF4-9C0A-CA82CF04EDF6}.Release|Win32.ActiveCfg = Release|Win32
		{B56AC30B-D0F3-4AF4-9C0A-CA82CF04EDF6}.Release|Win32.Build.0 = Release|Win32
	EndGlobalSection
	GlobalSection(SolutionProperties) = preSolution
		HideSolutionNode = FALSE
	EndGlobalSection
EndGlobal
