
Microsoft Visual Studio Solution File, Format Version 12.00
# Visual Studio Version 16
VisualStudioVersion = 16.0.30621.155
MinimumVisualStudioVersion = 10.0.40219.1
Project("{8BC9CEB8-8B4A-11D0-8D11-00A0C91BC942}") = "FTP", "FTP\FTP.vcxproj", "{1594C72A-5BB8-41F4-9216-7787A41CEEFC}"
EndProject
Global
	GlobalSection(SolutionConfigurationPlatforms) = preSolution
		Debug|x64 = Debug|x64
		Debug|x86 = Debug|x86
		Release|x64 = Release|x64
		Release|x86 = Release|x86
	EndGlobalSection
	GlobalSection(ProjectConfigurationPlatforms) = postSolution
		{1594C72A-5BB8-41F4-9216-7787A41CEEFC}.Debug|x64.ActiveCfg = Debug|x64
		{1594C72A-5BB8-41F4-9216-7787A41CEEFC}.Debug|x64.Build.0 = Debug|x64
		{1594C72A-5BB8-41F4-9216-7787A41CEEFC}.Debug|x86.ActiveCfg = Debug|Win32
		{1594C72A-5BB8-41F4-9216-7787A41CEEFC}.Debug|x86.Build.0 = Debug|Win32
		{1594C72A-5BB8-41F4-9216-7787A41CEEFC}.Release|x64.ActiveCfg = Release|x64
		{1594C72A-5BB8-41F4-9216-7787A41CEEFC}.Release|x64.Build.0 = Release|x64
		{1594C72A-5BB8-41F4-9216-7787A41CEEFC}.Release|x86.ActiveCfg = Release|Win32
		{1594C72A-5BB8-41F4-9216-7787A41CEEFC}.Release|x86.Build.0 = Release|Win32
	EndGlobalSection
	GlobalSection(SolutionProperties) = preSolution
		HideSolutionNode = FALSE
	EndGlobalSection
	GlobalSection(ExtensibilityGlobals) = postSolution
		SolutionGuid = {6F810036-B0F4-4E86-B046-4B1F35C4D1A1}
	EndGlobalSection
EndGlobal
