
Microsoft Visual Studio Solution File, Format Version 12.00
# Visual Studio Version 16
VisualStudioVersion = 16.0.30621.155
MinimumVisualStudioVersion = 10.0.40219.1
Project("{8BC9CEB8-8B4A-11D0-8D11-00A0C91BC942}") = "winpcap", "winpcap\winpcap.vcxproj", "{B9443C7B-6518-405F-BBC0-0404036C6FDD}"
EndProject
Global
	GlobalSection(SolutionConfigurationPlatforms) = preSolution
		Debug|x64 = Debug|x64
		Debug|x86 = Debug|x86
		Release|x64 = Release|x64
		Release|x86 = Release|x86
	EndGlobalSection
	GlobalSection(ProjectConfigurationPlatforms) = postSolution
		{B9443C7B-6518-405F-BBC0-0404036C6FDD}.Debug|x64.ActiveCfg = Debug|x64
		{B9443C7B-6518-405F-BBC0-0404036C6FDD}.Debug|x64.Build.0 = Debug|x64
		{B9443C7B-6518-405F-BBC0-0404036C6FDD}.Debug|x86.ActiveCfg = Debug|Win32
		{B9443C7B-6518-405F-BBC0-0404036C6FDD}.Debug|x86.Build.0 = Debug|Win32
		{B9443C7B-6518-405F-BBC0-0404036C6FDD}.Release|x64.ActiveCfg = Release|x64
		{B9443C7B-6518-405F-BBC0-0404036C6FDD}.Release|x64.Build.0 = Release|x64
		{B9443C7B-6518-405F-BBC0-0404036C6FDD}.Release|x86.ActiveCfg = Release|Win32
		{B9443C7B-6518-405F-BBC0-0404036C6FDD}.Release|x86.Build.0 = Release|Win32
	EndGlobalSection
	GlobalSection(SolutionProperties) = preSolution
		HideSolutionNode = FALSE
	EndGlobalSection
	GlobalSection(ExtensibilityGlobals) = postSolution
		SolutionGuid = {409B47EC-0D0B-49E3-8647-B90ED3DC4EDD}
	EndGlobalSection
EndGlobal
